PODS:
  - Alamofire (4.4.0)
  - Charts (3.0.2):
    - Charts/Core (= 3.0.2)
  - Charts/Core (3.0.2)
  - Kingfisher (3.9.1)
  - PKHUD (4.2.2)
  - Realm (2.7.0):
    - Realm/Headers (= 2.7.0)
  - Realm/Headers (2.7.0)
  - RealmSwift (2.7.0):
    - Realm (= 2.7.0)
  - SwiftyJSON (3.1.4)

DEPENDENCIES:
  - Alamofire (~> 4.0)
  - Charts (~> 3.0)
  - Kingfisher (~> 3.0)
  - PKHUD (~> 4.0)
  - Realm (~> 2.0)
  - RealmSwift (~> 2.0)
  - SwiftyJSON (~> 3.0)

SPEC CHECKSUMS:
  Alamofire: dc44b1600b800eb63da6a19039a0083d62a6a62d
  Charts: 236d6ccdd0ce6feae151d89e829a7397381a21fd
  Kingfisher: 6729a0baaa458245bfb8cd5a1296c71c10d6eb6c
  PKHUD: 9a3599e04d57676ec14746c40e423a52fb6588c0
  Realm: 07e5d3a9e0e41d65fd5f9f05150ed6295d0f093b
  RealmSwift: 6d06425d3900c86473c4f323bf6949b43fca22bc
  SwiftyJSON: c2842d878f95482ffceec5709abc3d05680c0220

PODFILE CHECKSUM: c503dfb7990abb1cd42817a7ee263c4ee7a929f3

COCOAPODS: 1.1.1
