PODS:
  - Alamofire (4.5.0)
  - Charts (3.0.2):
    - Charts/Core (= 3.0.2)
  - Charts/Core (3.0.2)
  - Kingfisher (3.12.2)
  - PKHUD (4.2.3)
  - Realm (2.10.0):
    - Realm/Headers (= 2.10.0)
  - Realm/Headers (2.10.0)
  - RealmSwift (2.10.0):
    - Realm (= 2.10.0)
  - SnapKit (3.2.0)
  - SwiftyJSON (3.1.4)

DEPENDENCIES:
  - Alamofire (~> 4)
  - Charts (~> 3)
  - Kingfisher (~> 3)
  - PKHUD (~> 4)
  - Realm (~> 2)
  - RealmSwift (~> 2)
  - SnapKit (~> 3)
  - SwiftyJSON (~> 3)

SPEC CHECKSUMS:
  Alamofire: f28cdffd29de33a7bfa022cbd63ae95a27fae140
  Charts: 236d6ccdd0ce6feae151d89e829a7397381a21fd
  Kingfisher: 320626678acadfcf47008b3c6841cd882050737b
  PKHUD: c7692163a09875cbf15827dc581df3c5cf7f1015
  Realm: 98b3a25643cf6b3e07d2b99fb43fe0eb9c801dec
  RealmSwift: 34073ad3a31232bbaf7c0db898c037940284cba2
  SnapKit: 1ca44df72cfa543218d177cb8aab029d10d86ea7
  SwiftyJSON: c2842d878f95482ffceec5709abc3d05680c0220

PODFILE CHECKSUM: ff3b21f89424353efafcced069b4695694b3de1d

COCOAPODS: 1.1.1
