PODS:
  - Alamofire (4.7.2)
  - CryptoSwift (0.8.3)
  - DropDown (2.3.2)
  - Google-Mobile-Ads-SDK (7.31.0)
  - KeychainAccess (3.1.1)
  - Kingfisher (4.8.0)
  - KSGuideController (0.1.2)
  - Material (2.15.0):
    - Material/Core (= 2.15.0)
  - Material/Core (2.15.0):
    - Motion (~> 1.3.0)
  - Motion (1.3.5):
    - Motion/Core (= 1.3.5)
  - Motion/Core (1.3.5)
  - PKHUD (5.0.0)
  - SnapKit (4.0.0)
  - SQLite.swift (0.11.4):
    - SQLite.swift/standard (= 0.11.4)
  - SQLite.swift/standard (0.11.4)
  - SwiftTheme (0.4.1)

DEPENDENCIES:
  - Alamofire
  - CryptoSwift (= 0.8.3)
  - DropDown
  - Google-Mobile-Ads-SDK
  - KeychainAccess
  - Kingfisher (~> 4)
  - KSGuideController
  - Material (~> 2)
  - PKHUD (~> 5)
  - SnapKit (~> 4)
  - SQLite.swift (= 0.11.4)
  - SwiftTheme

SPEC CHECKSUMS:
  Alamofire: e4fa87002c137ba2d8d634d2c51fabcda0d5c223
  CryptoSwift: 033efc3523865d19cc6ab6612fa17a62613b5dfa
  DropDown: 7f87abecc28f9b4edad810fe1211c5c018c257e5
  Google-Mobile-Ads-SDK: 6e529e748b45507a2ca904e0b5a52669ba3920c4
  KeychainAccess: 7bd430028059754a3debab3cfc0bd1fc7fb85df3
  Kingfisher: 976d828df2b24834c6a3f2fc4d82cdbd26552be1
  KSGuideController: a3829b33b65ca56eacd530c7b4917e973f756ee5
  Material: 00e32bb5e61b3f749044897b2d93acd8bf33faa4
  Motion: 9f74d115d7f72bb5380a8e3cde2f8a1fc898ac36
  PKHUD: 3c001512c6e002091184197a8de7a20420786e3b
  SnapKit: a42d492c16e80209130a3379f73596c3454b7694
  SQLite.swift: 3e3bee21da701b5b9f87c4a672cb54f233505692
  SwiftTheme: 36d71c4eed4b2c401c782cf036e4586c749a8173

PODFILE CHECKSUM: 1d1ef49ebc6cb359bf4f90a9cc1d78679e3a24bd

COCOAPODS: 1.3.1
